
Microsoft Visual Studio Solution File, Format Version 12.00
# Visual Studio 2012
Project("{FAE04EC0-301F-11D3-BF4B-00C04F79EFBC}") = "ForWebforms", "ForWebforms\ForWebforms.csproj", "{74D7E55C-7AC4-4A84-AA30-54333CF3D60E}"
EndProject
Project("{FAE04EC0-301F-11D3-BF4B-00C04F79EFBC}") = "TestWebsite", "TestWebsite\TestWebsite.csproj", "{35A8EC5C-CA94-4FF7-A888-4ADC8D59D423}"
EndProject
Global
	GlobalSection(SolutionConfigurationPlatforms) = preSolution
		Debug|Any CPU = Debug|Any CPU
		Release|Any CPU = Release|Any CPU
	EndGlobalSection
	GlobalSection(ProjectConfigurationPlatforms) = postSolution
		{74D7E55C-7AC4-4A84-AA30-54333CF3D60E}.Debug|Any CPU.ActiveCfg = Debug|Any CPU
		{74D7E55C-7AC4-4A84-AA30-54333CF3D60E}.Debug|Any CPU.Build.0 = Debug|Any CPU
		{74D7E55C-7AC4-4A84-AA30-54333CF3D60E}.Release|Any CPU.ActiveCfg = Release|Any CPU
		{74D7E55C-7AC4-4A84-AA30-54333CF3D60E}.Release|Any CPU.Build.0 = Release|Any CPU
		{35A8EC5C-CA94-4FF7-A888-4ADC8D59D423}.Debug|Any CPU.ActiveCfg = Debug|Any CPU
		{35A8EC5C-CA94-4FF7-A888-4ADC8D59D423}.Debug|Any CPU.Build.0 = Debug|Any CPU
		{35A8EC5C-CA94-4FF7-A888-4ADC8D59D423}.Release|Any CPU.ActiveCfg = Release|Any CPU
		{35A8EC5C-CA94-4FF7-A888-4ADC8D59D423}.Release|Any CPU.Build.0 = Release|Any CPU
	EndGlobalSection
	GlobalSection(SolutionProperties) = preSolution
		HideSolutionNode = FALSE
	EndGlobalSection
EndGlobal
